
Microsoft Visual Studio Solution File, Format Version 10.00
# Visual C++ Express 2008
Project("{8BC9CEB8-8B4A-11D0-8D11-00A0C91BC942}") = "p2p", "p2p.vcproj", "{C57F2781-B9C8-4959-AAA2-3C6D8BB5FB7D}"
EndProject
Global
	GlobalSection(SolutionConfigurationPlatforms) = preSolution
		Debug|Win32 = Debug|Win32
		Release|Win32 = Release|Win32
	EndGlobalSection
	GlobalSection(ProjectConfigurationPlatforms) = postSolution
		{C57F2781-B9C8-4959-AAA2-3C6D8BB5FB7D}.Debug|Win32.ActiveCfg = Release|Win32
		{C57F2781-B9C8-4959-AAA2-3C6D8BB5FB7D}.Debug|Win32.Build.0 = Release|Win32
		{C57F2781-B9C8-4959-AAA2-3C6D8BB5FB7D}.Release|Win32.ActiveCfg = Release|Win32
		{C57F2781-B9C8-4959-AAA2-3C6D8BB5FB7D}.Release|Win32.Build.0 = Release|Win32
	EndGlobalSection
	GlobalSection(SolutionProperties) = preSolution
		HideSolutionNode = FALSE
	EndGlobalSection
EndGlobal
